{
	"name": "vscode-convert-windows-path",
	"version": "0.0.3",
	"lockfileVersion": 3,
	"requires": true,
	"packages": {
		"": {
			"name": "vscode-convert-windows-path",
			"version": "0.0.3",
			"license": "SEE LICENSE IN LICENSE.md",
			"devDependencies": {
				"@types/vscode": "^1.82.0"
			},
			"engines": {
				"vscode": "^1.72.0"
			}
		},
		"node_modules/@types/vscode": {
			"version": "1.82.0",
			"resolved": "https://registry.npmmirror.com/@types/vscode/-/vscode-1.82.0.tgz",
			"integrity": "sha512-VSHV+VnpF8DEm8LNrn8OJ8VuUNcBzN3tMvKrNpbhhfuVjFm82+6v44AbDhLvVFgCzn6vs94EJNTp7w8S6+Q1Rw==",
			"dev": true
		}
	}
}
